
Microsoft Visual Studio Solution File, Format Version 12.00
# Visual Studio Version 17
VisualStudioVersion = 17.11.35208.52
MinimumVisualStudioVersion = 10.0.40219.1
Project("{FAE04EC0-301F-11D3-BF4B-00C04F79EFBC}") = "server", "server\server.csproj", "{31F01040-5E55-4B04-BFF7-C985E79AA93C}"
EndProject
Project("{FAE04EC0-301F-11D3-BF4B-00C04F79EFBC}") = "services", "services\services.csproj", "{CCD1FAD8-5396-4D9F-A268-27D9AC85D44D}"
EndProject
Project("{FAE04EC0-301F-11D3-BF4B-00C04F79EFBC}") = "interfaces", "interfaces\interfaces.csproj", "{B98ED642-DE8D-477A-ACF3-36F377AC71B1}"
EndProject
Project("{FAE04EC0-301F-11D3-BF4B-00C04F79EFBC}") = "repositories", "repositories\repositories.csproj", "{2C605265-5330-45DE-9697-845D36F67FA4}"
EndProject
Project("{FAE04EC0-301F-11D3-BF4B-00C04F79EFBC}") = "models", "models\models.csproj", "{54732F7B-B8CF-480D-BDA8-403BD63F2544}"
EndProject
Global
	GlobalSection(SolutionConfigurationPlatforms) = preSolution
		Debug|Any CPU = Debug|Any CPU
		Release|Any CPU = Release|Any CPU
	EndGlobalSection
	GlobalSection(ProjectConfigurationPlatforms) = postSolution
		{31F01040-5E55-4B04-BFF7-C985E79AA93C}.Debug|Any CPU.ActiveCfg = Debug|Any CPU
		{31F01040-5E55-4B04-BFF7-C985E79AA93C}.Debug|Any CPU.Build.0 = Debug|Any CPU
		{31F01040-5E55-4B04-BFF7-C985E79AA93C}.Release|Any CPU.ActiveCfg = Release|Any CPU
		{31F01040-5E55-4B04-BFF7-C985E79AA93C}.Release|Any CPU.Build.0 = Release|Any CPU
		{CCD1FAD8-5396-4D9F-A268-27D9AC85D44D}.Debug|Any CPU.ActiveCfg = Debug|Any CPU
		{CCD1FAD8-5396-4D9F-A268-27D9AC85D44D}.Debug|Any CPU.Build.0 = Debug|Any CPU
		{CCD1FAD8-5396-4D9F-A268-27D9AC85D44D}.Release|Any CPU.ActiveCfg = Release|Any CPU
		{CCD1FAD8-5396-4D9F-A268-27D9AC85D44D}.Release|Any CPU.Build.0 = Release|Any CPU
		{B98ED642-DE8D-477A-ACF3-36F377AC71B1}.Debug|Any CPU.ActiveCfg = Debug|Any CPU
		{B98ED642-DE8D-477A-ACF3-36F377AC71B1}.Debug|Any CPU.Build.0 = Debug|Any CPU
		{B98ED642-DE8D-477A-ACF3-36F377AC71B1}.Release|Any CPU.ActiveCfg = Release|Any CPU
		{B98ED642-DE8D-477A-ACF3-36F377AC71B1}.Release|Any CPU.Build.0 = Release|Any CPU
		{2C605265-5330-45DE-9697-845D36F67FA4}.Debug|Any CPU.ActiveCfg = Debug|Any CPU
		{2C605265-5330-45DE-9697-845D36F67FA4}.Debug|Any CPU.Build.0 = Debug|Any CPU
		{2C605265-5330-45DE-9697-845D36F67FA4}.Release|Any CPU.ActiveCfg = Release|Any CPU
		{2C605265-5330-45DE-9697-845D36F67FA4}.Release|Any CPU.Build.0 = Release|Any CPU
		{54732F7B-B8CF-480D-BDA8-403BD63F2544}.Debug|Any CPU.ActiveCfg = Debug|Any CPU
		{54732F7B-B8CF-480D-BDA8-403BD63F2544}.Debug|Any CPU.Build.0 = Debug|Any CPU
		{54732F7B-B8CF-480D-BDA8-403BD63F2544}.Release|Any CPU.ActiveCfg = Release|Any CPU
		{54732F7B-B8CF-480D-BDA8-403BD63F2544}.Release|Any CPU.Build.0 = Release|Any CPU
	EndGlobalSection
	GlobalSection(SolutionProperties) = preSolution
		HideSolutionNode = FALSE
	EndGlobalSection
	GlobalSection(ExtensibilityGlobals) = postSolution
		SolutionGuid = {53EBCCB1-0979-411B-8133-1D924FDF8AB4}
	EndGlobalSection
EndGlobal
